{
  "nodes": {
    "fenix": {
      "inputs": {
        "nixpkgs": [
          "nixpkgs"
        ],
        "rust-analyzer-src": "rust-analyzer-src"
      },
      "locked": {
        "lastModified": 1758868653,
        "narHash": "sha256-5DRLF0k8lZFltFhyO2O7x6z1+H1Z/T3da32TUuXvmtw=",
        "owner": "nix-community",
        "repo": "fenix",
        "rev": "09971ed7bf438328a01e1499f9ee4003128f4c40",
        "type": "github"
      },
      "original": {
        "owner": "nix-community",
        "repo": "fenix",
        "type": "github"
      }
    },
    "flake-compat": {
      "flake": false,
      "locked": {
        "lastModified": 1747046372,
        "narHash": "sha256-CIVLLkVgvHYbgI2UpXvIIBJ12HWgX+fjA8Xf8PUmqCY=",
        "owner": "edolstra",
        "repo": "flake-compat",
        "rev": "9100a0f413b0c601e0533d1d94ffd501ce2e7885",
        "type": "github"
      },
      "original": {
        "owner": "edolstra",
        "repo": "flake-compat",
        "type": "github"
      }
    },
    "flake-parts": {
      "inputs": {
        "nixpkgs-lib": [
          "nixvim",
          "nixvim",
          "nixpkgs"
        ]
      },
      "locked": {
        "lastModified": 1741352980,
        "narHash": "sha256-+u2UunDA4Cl5Fci3m7S643HzKmIDAe+fiXrLqYsR2fs=",
        "owner": "hercules-ci",
        "repo": "flake-parts",
        "rev": "f4330d22f1c5d2ba72d3d22df5597d123fdb60a9",
        "type": "github"
      },
      "original": {
        "owner": "hercules-ci",
        "repo": "flake-parts",
        "type": "github"
      }
    },
    "flake-utils": {
      "inputs": {
        "systems": "systems"
      },
      "locked": {
        "lastModified": 1731533236,
        "narHash": "sha256-l0KFg5HjrsfsO/JpG+r7fRrqm12kzFHyUHqHCVpMMbI=",
        "owner": "numtide",
        "repo": "flake-utils",
        "rev": "11707dc2f618dd54ca8739b309ec4fc024de578b",
        "type": "github"
      },
      "original": {
        "owner": "numtide",
        "repo": "flake-utils",
        "type": "github"
      }
    },
    "flake-utils_2": {
      "inputs": {
        "systems": "systems_2"
      },
      "locked": {
        "lastModified": 1731533236,
        "narHash": "sha256-l0KFg5HjrsfsO/JpG+r7fRrqm12kzFHyUHqHCVpMMbI=",
        "owner": "numtide",
        "repo": "flake-utils",
        "rev": "11707dc2f618dd54ca8739b309ec4fc024de578b",
        "type": "github"
      },
      "original": {
        "owner": "numtide",
        "repo": "flake-utils",
        "type": "github"
      }
    },
    "gitignore": {
      "inputs": {
        "nixpkgs": [
          "pre-commit-hooks",
          "nixpkgs"
        ]
      },
      "locked": {
        "lastModified": 1709087332,
        "narHash": "sha256-HG2cCnktfHsKV0s4XW83gU3F57gaTljL9KNSuG6bnQs=",
        "owner": "hercules-ci",
        "repo": "gitignore.nix",
        "rev": "637db329424fd7e46cf4185293b9cc8c88c95394",
        "type": "github"
      },
      "original": {
        "owner": "hercules-ci",
        "repo": "gitignore.nix",
        "type": "github"
      }
    },
    "home-manager": {
      "inputs": {
        "nixpkgs": [
          "nixpkgs"
        ]
      },
      "locked": {
        "lastModified": 1758899649,
        "narHash": "sha256-Z6IxPlvIS83lKbTIliP2xFj4hJ699/eM7Ubte4iytgQ=",
        "owner": "nix-community",
        "repo": "home-manager",
        "rev": "6238bbc0ae04951b64a3ad1b69d3e03b8b329e51",
        "type": "github"
      },
      "original": {
        "owner": "nix-community",
        "repo": "home-manager",
        "type": "github"
      }
    },
    "ixx": {
      "inputs": {
        "flake-utils": [
          "nixvim",
          "nixvim",
          "nuschtosSearch",
          "flake-utils"
        ],
        "nixpkgs": [
          "nixvim",
          "nixvim",
          "nuschtosSearch",
          "nixpkgs"
        ]
      },
      "locked": {
        "lastModified": 1729958008,
        "narHash": "sha256-EiOq8jF4Z/zQe0QYVc3+qSKxRK//CFHMB84aYrYGwEs=",
        "owner": "NuschtOS",
        "repo": "ixx",
        "rev": "9fd01aad037f345350eab2cd45e1946cc66da4eb",
        "type": "github"
      },
      "original": {
        "owner": "NuschtOS",
        "ref": "v0.0.6",
        "repo": "ixx",
        "type": "github"
      }
    },
    "nix-darwin": {
      "inputs": {
        "nixpkgs": [
          "nixpkgs"
        ]
      },
      "locked": {
        "lastModified": 1758805352,
        "narHash": "sha256-BHdc43Lkayd+72W/NXRKHzX5AZ+28F3xaUs3a88/Uew=",
        "owner": "LnL7",
        "repo": "nix-darwin",
        "rev": "c48e963a5558eb1c3827d59d21c5193622a1477c",
        "type": "github"
      },
      "original": {
        "owner": "LnL7",
        "repo": "nix-darwin",
        "type": "github"
      }
    },
    "nixpkgs": {
      "locked": {
        "lastModified": 1758763312,
        "narHash": "sha256-puBMviZhYlqOdUUgEmMVJpXqC/ToEqSvkyZ30qQ09xM=",
        "owner": "NixOS",
        "repo": "nixpkgs",
        "rev": "e57b3b16ad8758fd681511a078f35c416a8cc939",
        "type": "github"
      },
      "original": {
        "owner": "NixOS",
        "ref": "nixpkgs-unstable",
        "repo": "nixpkgs",
        "type": "github"
      }
    },
    "nixpkgs_2": {
      "locked": {
        "lastModified": 1742272065,
        "narHash": "sha256-ud8vcSzJsZ/CK+r8/v0lyf4yUntVmDq6Z0A41ODfWbE=",
        "owner": "NixOS",
        "repo": "nixpkgs",
        "rev": "3549532663732bfd89993204d40543e9edaec4f2",
        "type": "github"
      },
      "original": {
        "owner": "NixOS",
        "ref": "nixpkgs-unstable",
        "repo": "nixpkgs",
        "type": "github"
      }
    },
    "nixvim": {
      "inputs": {
        "flake-utils": "flake-utils",
        "nixpkgs": [
          "nixpkgs"
        ],
        "nixvim": "nixvim_2"
      },
      "locked": {
        "lastModified": 1756392464,
        "narHash": "sha256-i82u0P4CkMIYV1ExLb8TVdReQe082lxaxuhS0Pb1Rcs=",
        "owner": "romaingrx",
        "repo": "nixvim",
        "rev": "cfa0eb335dbdf3124cf5a13fcbf9f0e8519a6e0c",
        "type": "github"
      },
      "original": {
        "owner": "romaingrx",
        "repo": "nixvim",
        "type": "github"
      }
    },
    "nixvim_2": {
      "inputs": {
        "flake-parts": "flake-parts",
        "nixpkgs": "nixpkgs_2",
        "nuschtosSearch": "nuschtosSearch"
      },
      "locked": {
        "lastModified": 1742396414,
        "narHash": "sha256-e9Uv44rVDAG2ohNejttl9Pq5r4dxIzWxt+1hvKTQK5E=",
        "owner": "nix-community",
        "repo": "nixvim",
        "rev": "d79c291d5d80d587d518e0f530cc55adb0638c80",
        "type": "github"
      },
      "original": {
        "owner": "nix-community",
        "repo": "nixvim",
        "type": "github"
      }
    },
    "nuschtosSearch": {
      "inputs": {
        "flake-utils": "flake-utils_2",
        "ixx": "ixx",
        "nixpkgs": [
          "nixvim",
          "nixvim",
          "nixpkgs"
        ]
      },
      "locked": {
        "lastModified": 1741886583,
        "narHash": "sha256-sScfYKtxp3CYv5fJcHQDvQjqBL+tPNQqS9yf9Putd+s=",
        "owner": "NuschtOS",
        "repo": "search",
        "rev": "2974bc5fa3441a319fba943f3ca41f7dcd1a1467",
        "type": "github"
      },
      "original": {
        "owner": "NuschtOS",
        "repo": "search",
        "type": "github"
      }
    },
    "pre-commit-hooks": {
      "inputs": {
        "flake-compat": "flake-compat",
        "gitignore": "gitignore",
        "nixpkgs": [
          "nixpkgs"
        ]
      },
      "locked": {
        "lastModified": 1758108966,
        "narHash": "sha256-ytw7ROXaWZ7OfwHrQ9xvjpUWeGVm86pwnEd1QhzawIo=",
        "owner": "cachix",
        "repo": "pre-commit-hooks.nix",
        "rev": "54df955a695a84cd47d4a43e08e1feaf90b1fd9b",
        "type": "github"
      },
      "original": {
        "owner": "cachix",
        "repo": "pre-commit-hooks.nix",
        "type": "github"
      }
    },
    "root": {
      "inputs": {
        "fenix": "fenix",
        "home-manager": "home-manager",
        "nix-darwin": "nix-darwin",
        "nixpkgs": "nixpkgs",
        "nixvim": "nixvim",
        "pre-commit-hooks": "pre-commit-hooks",
        "sops-nix": "sops-nix"
      }
    },
    "rust-analyzer-src": {
      "flake": false,
      "locked": {
        "lastModified": 1758796254,
        "narHash": "sha256-1Xf7UyqWsmmScXVfmIK4bLeVmI2Ujj7DgmSbjiVkgkY=",
        "owner": "rust-lang",
        "repo": "rust-analyzer",
        "rev": "84e87d5bbaec992e7ded5e79988db2da6c129f6b",
        "type": "github"
      },
      "original": {
        "owner": "rust-lang",
        "ref": "nightly",
        "repo": "rust-analyzer",
        "type": "github"
      }
    },
    "sops-nix": {
      "inputs": {
        "nixpkgs": [
          "nixpkgs"
        ]
      },
      "locked": {
        "lastModified": 1758425756,
        "narHash": "sha256-L3N8zV6wsViXiD8i3WFyrvjDdz76g3tXKEdZ4FkgQ+Y=",
        "owner": "Mic92",
        "repo": "sops-nix",
        "rev": "e0fdaea3c31646e252a60b42d0ed8eafdb289762",
        "type": "github"
      },
      "original": {
        "owner": "Mic92",
        "repo": "sops-nix",
        "type": "github"
      }
    },
    "systems": {
      "locked": {
        "lastModified": 1681028828,
        "narHash": "sha256-Vy1rq5AaRuLzOxct8nz4T6wlgyUR7zLU309k9mBC768=",
        "owner": "nix-systems",
        "repo": "default",
        "rev": "da67096a3b9bf56a91d16901293e51ba5b49a27e",
        "type": "github"
      },
      "original": {
        "owner": "nix-systems",
        "repo": "default",
        "type": "github"
      }
    },
    "systems_2": {
      "locked": {
        "lastModified": 1681028828,
        "narHash": "sha256-Vy1rq5AaRuLzOxct8nz4T6wlgyUR7zLU309k9mBC768=",
        "owner": "nix-systems",
        "repo": "default",
        "rev": "da67096a3b9bf56a91d16901293e51ba5b49a27e",
        "type": "github"
      },
      "original": {
        "owner": "nix-systems",
        "repo": "default",
        "type": "github"
      }
    }
  },
  "root": "root",
  "version": 7
}
